// !$*UTF8*$!
{
	archiveVersion = 1;
	classes = {
	};
	objectVersion = 45;
	objects = {

/* Begin PBXBuildFile section */
		1DDD58160DA1D0A300B32029 /* MainMenu.xib in Resources */ = {isa = PBXBuildFile; fileRef = 1DDD58140DA1D0A300B32029 /* MainMenu.xib */; };
		8D11072B0486CEB800E47090 /* InfoPlist.strings in Resources */ = {isa = PBXBuildFile; fileRef = 089C165CFE840E0CC02AAC07 /* InfoPlist.strings */; };
		8D11072D0486CEB800E47090 /* main.m in Sources */ = {isa = PBXBuildFile; fileRef = 29B97316FDCFA39411CA2CEA /* main.m */; settings = {ATTRIBUTES = (); }; };
		8D11072F0486CEB800E47090 /* Cocoa.framework in Frameworks */ = {isa = PBXBuildFile; fileRef = 1058C7A1FEA54F0111CA2CBB /* Cocoa.framework */; };
		E145B939111F61E500BE4E01 /* SubviewTableViewController.m in Sources */ = {isa = PBXBuildFile; fileRef = E145B935111F61E500BE4E01 /* SubviewTableViewController.m */; };
		E145B93A111F61E500BE4E01 /* SubviewTableViewCell.m in Sources */ = {isa = PBXBuildFile; fileRef = E145B937111F61E500BE4E01 /* SubviewTableViewCell.m */; };
		E145BA16111F758B00BE4E01 /* FlakController.m in Sources */ = {isa = PBXBuildFile; fileRef = E145BA15111F758B00BE4E01 /* FlakController.m */; };
		E14F2E461121BDF90073E704 /* heart_off.gif in Resources */ = {isa = PBXBuildFile; fileRef = E14F2E451121BDF90073E704 /* heart_off.gif */; };
		E14F2E4F1121BE810073E704 /* comment.gif in Resources */ = {isa = PBXBuildFile; fileRef = E14F2E4C1121BE810073E704 /* comment.gif */; };
		E14F2E501121BE810073E704 /* newspaper_add.gif in Resources */ = {isa = PBXBuildFile; fileRef = E14F2E4D1121BE810073E704 /* newspaper_add.gif */; };
		E14F2E511121BE810073E704 /* link_to_entry.gif in Resources */ = {isa = PBXBuildFile; fileRef = E14F2E4E1121BE810073E704 /* link_to_entry.gif */; };
		E14F2EB61121CBBF0073E704 /* AuthController.m in Sources */ = {isa = PBXBuildFile; fileRef = E14F2EB51121CBBF0073E704 /* AuthController.m */; };
		E14F2EB81121CBE60073E704 /* AuthController.xib in Resources */ = {isa = PBXBuildFile; fileRef = E14F2EB71121CBE60073E704 /* AuthController.xib */; };
		E14F2F771121E67A0073E704 /* FlakerOAuthPinVerificator.m in Sources */ = {isa = PBXBuildFile; fileRef = E14F2F761121E67A0073E704 /* FlakerOAuthPinVerificator.m */; };
		E14F31CC112208520073E704 /* OAuthConsumer.framework in Frameworks */ = {isa = PBXBuildFile; fileRef = E14F31CB112208520073E704 /* OAuthConsumer.framework */; };
		E14F31DF1122085C0073E704 /* OAuthConsumer.framework in Copy Frameworks (1) */ = {isa = PBXBuildFile; fileRef = E14F31CB112208520073E704 /* OAuthConsumer.framework */; };
		E16050AC1124661000306BE4 /* otrzymanoFlaki.m4a in Resources */ = {isa = PBXBuildFile; fileRef = E16050AA1124661000306BE4 /* otrzymanoFlaki.m4a */; };
		E16050AD1124661000306BE4 /* error.m4a in Resources */ = {isa = PBXBuildFile; fileRef = E16050AB1124661000306BE4 /* error.m4a */; };
		E16050B41124673300306BE4 /* FlakerPost.m in Sources */ = {isa = PBXBuildFile; fileRef = E16050B31124673300306BE4 /* FlakerPost.m */; };
		E16052621124962F00306BE4 /* FlakEditorView.m in Sources */ = {isa = PBXBuildFile; fileRef = E16052611124962F00306BE4 /* FlakEditorView.m */; };
		E1A06B6111234BFA008B6CA1 /* NewFlakController.m in Sources */ = {isa = PBXBuildFile; fileRef = E1A06B6011234BFA008B6CA1 /* NewFlakController.m */; };
		E1A06BE111236378008B6CA1 /* NSImage+QuickLook.m in Sources */ = {isa = PBXBuildFile; fileRef = E1A06BDD11236378008B6CA1 /* NSImage+QuickLook.m */; };
		E1A06C3E112366CE008B6CA1 /* QuickLook.framework in Frameworks */ = {isa = PBXBuildFile; fileRef = E1A06C3D112366CE008B6CA1 /* QuickLook.framework */; };
		E1A06C46112366D3008B6CA1 /* QuickLook.framework in Copy Frameworks (1) */ = {isa = PBXBuildFile; fileRef = E1A06C3D112366CE008B6CA1 /* QuickLook.framework */; };
		E1C8288C1120694C00BC22DE /* FlakBubbleView.m in Sources */ = {isa = PBXBuildFile; fileRef = E1C8288B1120694C00BC22DE /* FlakBubbleView.m */; };
		E1C828C7112073D200BC22DE /* flakEntryBubble.png in Resources */ = {isa = PBXBuildFile; fileRef = E1C828C6112073D200BC22DE /* flakEntryBubble.png */; };
		E1C829A211208DBB00BC22DE /* avatarDefault.jpeg in Resources */ = {isa = PBXBuildFile; fileRef = E1C829A111208DBB00BC22DE /* avatarDefault.jpeg */; };
		E1C82A2811209BAE00BC22DE /* FlakerUser.m in Sources */ = {isa = PBXBuildFile; fileRef = E1C82A2711209BAE00BC22DE /* FlakerUser.m */; };
		E1C82AA111209FDD00BC22DE /* FileStore.m in Sources */ = {isa = PBXBuildFile; fileRef = E1C82AA011209FDD00BC22DE /* FileStore.m */; };
		E1CBFB10111D8DCF00F09BC5 /* Controller.m in Sources */ = {isa = PBXBuildFile; fileRef = E1CBFB0F111D8DCF00F09BC5 /* Controller.m */; };
		E1CBFB3B111D926A00F09BC5 /* Flak.m in Sources */ = {isa = PBXBuildFile; fileRef = E1CBFB3A111D926A00F09BC5 /* Flak.m */; };
		E1CBFBA2111D991700F09BC5 /* .gitignore in Resources */ = {isa = PBXBuildFile; fileRef = E1CBFBA1111D991700F09BC5 /* .gitignore */; };
		E1CBFBA5111D99D700F09BC5 /* Flaker.m in Sources */ = {isa = PBXBuildFile; fileRef = E1CBFBA4111D99D700F09BC5 /* Flaker.m */; };
		E1CBFBC0111D9A0400F09BC5 /* NSObject+SBJSON.m in Sources */ = {isa = PBXBuildFile; fileRef = E1CBFBB3111D9A0400F09BC5 /* NSObject+SBJSON.m */; };
		E1CBFBC1111D9A0400F09BC5 /* NSString+SBJSON.m in Sources */ = {isa = PBXBuildFile; fileRef = E1CBFBB5111D9A0400F09BC5 /* NSString+SBJSON.m */; };
		E1CBFBC2111D9A0400F09BC5 /* SBJSON.m in Sources */ = {isa = PBXBuildFile; fileRef = E1CBFBB7111D9A0400F09BC5 /* SBJSON.m */; };
		E1CBFBC3111D9A0400F09BC5 /* SBJsonBase.m in Sources */ = {isa = PBXBuildFile; fileRef = E1CBFBB9111D9A0400F09BC5 /* SBJsonBase.m */; };
		E1CBFBC4111D9A0400F09BC5 /* SBJsonParser.m in Sources */ = {isa = PBXBuildFile; fileRef = E1CBFBBB111D9A0400F09BC5 /* SBJsonParser.m */; };
		E1CBFBC5111D9A0400F09BC5 /* SBJsonWriter.m in Sources */ = {isa = PBXBuildFile; fileRef = E1CBFBBD111D9A0400F09BC5 /* SBJsonWriter.m */; };
		E1CBFD91111DADCF00F09BC5 /* flaker.icns in Resources */ = {isa = PBXBuildFile; fileRef = E1CBFD90111DADCF00F09BC5 /* flaker.icns */; };
		E1E23CBB111EDE68008347A5 /* flakCell.xib in Resources */ = {isa = PBXBuildFile; fileRef = E1E23CBA111EDE68008347A5 /* flakCell.xib */; };
		E1E23EB0111F1096008347A5 /* Growl.framework in Frameworks */ = {isa = PBXBuildFile; fileRef = E1E23EAF111F1096008347A5 /* Growl.framework */; };
		E1E23EB4111F10A9008347A5 /* Growl.framework in Copy Frameworks (1) */ = {isa = PBXBuildFile; fileRef = E1E23EAF111F1096008347A5 /* Growl.framework */; };
/* End PBXBuildFile section */

/* Begin PBXCopyFilesBuildPhase section */
		E1E23EBC111F10B1008347A5 /* Copy Frameworks (1) */ = {
			isa = PBXCopyFilesBuildPhase;
			buildActionMask = 2147483647;
			dstPath = "";
			dstSubfolderSpec = 10;
			files = (
				E1A06C46112366D3008B6CA1 /* QuickLook.framework in Copy Frameworks (1) */,
				E14F31DF1122085C0073E704 /* OAuthConsumer.framework in Copy Frameworks (1) */,
				E1E23EB4111F10A9008347A5 /* Growl.framework in Copy Frameworks (1) */,
			);
			name = "Copy Frameworks (1)";
			runOnlyForDeploymentPostprocessing = 0;
		};
/* End PBXCopyFilesBuildPhase section */

/* Begin PBXFileReference section */
		089C165DFE840E0CC02AAC07 /* English */ = {isa = PBXFileReference; fileEncoding = 10; lastKnownFileType = text.plist.strings; name = English; path = English.lproj/InfoPlist.strings; sourceTree = "<group>"; };
		1058C7A1FEA54F0111CA2CBB /* Cocoa.framework */ = {isa = PBXFileReference; lastKnownFileType = wrapper.framework; name = Cocoa.framework; path = /System/Library/Frameworks/Cocoa.framework; sourceTree = "<absolute>"; };
		13E42FB307B3F0F600E4EEF1 /* CoreData.framework */ = {isa = PBXFileReference; lastKnownFileType = wrapper.framework; name = CoreData.framework; path = /System/Library/Frameworks/CoreData.framework; sourceTree = "<absolute>"; };
		1DDD58150DA1D0A300B32029 /* English */ = {isa = PBXFileReference; lastKnownFileType = file.xib; name = English; path = English.lproj/MainMenu.xib; sourceTree = "<group>"; };
		29B97316FDCFA39411CA2CEA /* main.m */ = {isa = PBXFileReference; fileEncoding = 4; lastKnownFileType = sourcecode.c.objc; path = main.m; sourceTree = "<group>"; };
		29B97324FDCFA39411CA2CEA /* AppKit.framework */ = {isa = PBXFileReference; lastKnownFileType = wrapper.framework; name = AppKit.framework; path = /System/Library/Frameworks/AppKit.framework; sourceTree = "<absolute>"; };
		29B97325FDCFA39411CA2CEA /* Foundation.framework */ = {isa = PBXFileReference; lastKnownFileType = wrapper.framework; name = Foundation.framework; path = /System/Library/Frameworks/Foundation.framework; sourceTree = "<absolute>"; };
		32CA4F630368D1EE00C91783 /* iFlaker_Prefix.pch */ = {isa = PBXFileReference; fileEncoding = 4; lastKnownFileType = sourcecode.c.h; path = iFlaker_Prefix.pch; sourceTree = "<group>"; };
		8D1107310486CEB800E47090 /* Info.plist */ = {isa = PBXFileReference; fileEncoding = 4; lastKnownFileType = text.plist.xml; path = Info.plist; sourceTree = "<group>"; };
		8D1107320486CEB800E47090 /* iFlaker.app */ = {isa = PBXFileReference; explicitFileType = wrapper.application; includeInIndex = 0; path = iFlaker.app; sourceTree = BUILT_PRODUCTS_DIR; };
		E145B934111F61E500BE4E01 /* SubviewTableViewController.h */ = {isa = PBXFileReference; fileEncoding = 4; lastKnownFileType = sourcecode.c.h; path = SubviewTableViewController.h; sourceTree = "<group>"; };
		E145B935111F61E500BE4E01 /* SubviewTableViewController.m */ = {isa = PBXFileReference; fileEncoding = 4; lastKnownFileType = sourcecode.c.objc; path = SubviewTableViewController.m; sourceTree = "<group>"; };
		E145B936111F61E500BE4E01 /* SubviewTableViewCell.h */ = {isa = PBXFileReference; fileEncoding = 4; lastKnownFileType = sourcecode.c.h; path = SubviewTableViewCell.h; sourceTree = "<group>"; };
		E145B937111F61E500BE4E01 /* SubviewTableViewCell.m */ = {isa = PBXFileReference; fileEncoding = 4; lastKnownFileType = sourcecode.c.objc; path = SubviewTableViewCell.m; sourceTree = "<group>"; };
		E145BA14111F758B00BE4E01 /* FlakController.h */ = {isa = PBXFileReference; fileEncoding = 4; lastKnownFileType = sourcecode.c.h; path = FlakController.h; sourceTree = "<group>"; };
		E145BA15111F758B00BE4E01 /* FlakController.m */ = {isa = PBXFileReference; fileEncoding = 4; lastKnownFileType = sourcecode.c.objc; path = FlakController.m; sourceTree = "<group>"; };
		E14F2E451121BDF90073E704 /* heart_off.gif */ = {isa = PBXFileReference; lastKnownFileType = image.gif; path = heart_off.gif; sourceTree = "<group>"; };
		E14F2E4C1121BE810073E704 /* comment.gif */ = {isa = PBXFileReference; lastKnownFileType = image.gif; path = comment.gif; sourceTree = "<group>"; };
		E14F2E4D1121BE810073E704 /* newspaper_add.gif */ = {isa = PBXFileReference; lastKnownFileType = image.gif; path = newspaper_add.gif; sourceTree = "<group>"; };
		E14F2E4E1121BE810073E704 /* link_to_entry.gif */ = {isa = PBXFileReference; lastKnownFileType = image.gif; path = link_to_entry.gif; sourceTree = "<group>"; };
		E14F2EB41121CBBF0073E704 /* AuthController.h */ = {isa = PBXFileReference; fileEncoding = 4; lastKnownFileType = sourcecode.c.h; path = AuthController.h; sourceTree = "<group>"; };
		E14F2EB51121CBBF0073E704 /* AuthController.m */ = {isa = PBXFileReference; fileEncoding = 4; lastKnownFileType = sourcecode.c.objc; path = AuthController.m; sourceTree = "<group>"; };
		E14F2EB71121CBE60073E704 /* AuthController.xib */ = {isa = PBXFileReference; lastKnownFileType = file.xib; path = AuthController.xib; sourceTree = "<group>"; };
		E14F2F751121E67A0073E704 /* FlakerOAuthPinVerificator.h */ = {isa = PBXFileReference; fileEncoding = 4; lastKnownFileType = sourcecode.c.h; path = FlakerOAuthPinVerificator.h; sourceTree = "<group>"; };
		E14F2F761121E67A0073E704 /* FlakerOAuthPinVerificator.m */ = {isa = PBXFileReference; fileEncoding = 4; lastKnownFileType = sourcecode.c.objc; path = FlakerOAuthPinVerificator.m; sourceTree = "<group>"; };
		E14F31CB112208520073E704 /* OAuthConsumer.framework */ = {isa = PBXFileReference; lastKnownFileType = wrapper.framework; path = OAuthConsumer.framework; sourceTree = "<group>"; };
		E16050AA1124661000306BE4 /* otrzymanoFlaki.m4a */ = {isa = PBXFileReference; lastKnownFileType = file; path = otrzymanoFlaki.m4a; sourceTree = "<group>"; };
		E16050AB1124661000306BE4 /* error.m4a */ = {isa = PBXFileReference; lastKnownFileType = file; path = error.m4a; sourceTree = "<group>"; };
		E16050B21124673300306BE4 /* FlakerPost.h */ = {isa = PBXFileReference; fileEncoding = 4; lastKnownFileType = sourcecode.c.h; path = FlakerPost.h; sourceTree = "<group>"; };
		E16050B31124673300306BE4 /* FlakerPost.m */ = {isa = PBXFileReference; fileEncoding = 4; lastKnownFileType = sourcecode.c.objc; path = FlakerPost.m; sourceTree = "<group>"; };
		E16052601124962F00306BE4 /* FlakEditorView.h */ = {isa = PBXFileReference; fileEncoding = 4; lastKnownFileType = sourcecode.c.h; path = FlakEditorView.h; sourceTree = "<group>"; };
		E16052611124962F00306BE4 /* FlakEditorView.m */ = {isa = PBXFileReference; fileEncoding = 4; lastKnownFileType = sourcecode.c.objc; path = FlakEditorView.m; sourceTree = "<group>"; };
		E1A06B5F11234BF9008B6CA1 /* NewFlakController.h */ = {isa = PBXFileReference; fileEncoding = 4; lastKnownFileType = sourcecode.c.h; path = NewFlakController.h; sourceTree = "<group>"; };
		E1A06B6011234BFA008B6CA1 /* NewFlakController.m */ = {isa = PBXFileReference; fileEncoding = 4; lastKnownFileType = sourcecode.c.objc; path = NewFlakController.m; sourceTree = "<group>"; };
		E1A06BDD11236378008B6CA1 /* NSImage+QuickLook.m */ = {isa = PBXFileReference; fileEncoding = 4; lastKnownFileType = sourcecode.c.objc; path = "NSImage+QuickLook.m"; sourceTree = "<group>"; };
		E1A06BDF11236378008B6CA1 /* NSImage+QuickLook.h */ = {isa = PBXFileReference; fileEncoding = 4; lastKnownFileType = sourcecode.c.h; path = "NSImage+QuickLook.h"; sourceTree = "<group>"; };
		E1A06C3D112366CE008B6CA1 /* QuickLook.framework */ = {isa = PBXFileReference; lastKnownFileType = wrapper.framework; name = QuickLook.framework; path = System/Library/Frameworks/QuickLook.framework; sourceTree = SDKROOT; };
		E1C8288A1120694C00BC22DE /* FlakBubbleView.h */ = {isa = PBXFileReference; fileEncoding = 4; lastKnownFileType = sourcecode.c.h; path = FlakBubbleView.h; sourceTree = "<group>"; };
		E1C8288B1120694C00BC22DE /* FlakBubbleView.m */ = {isa = PBXFileReference; fileEncoding = 4; lastKnownFileType = sourcecode.c.objc; path = FlakBubbleView.m; sourceTree = "<group>"; };
		E1C828C6112073D200BC22DE /* flakEntryBubble.png */ = {isa = PBXFileReference; lastKnownFileType = image.png; path = flakEntryBubble.png; sourceTree = "<group>"; };
		E1C829A111208DBB00BC22DE /* avatarDefault.jpeg */ = {isa = PBXFileReference; lastKnownFileType = image.jpeg; path = avatarDefault.jpeg; sourceTree = "<group>"; };
		E1C82A2611209BAE00BC22DE /* FlakerUser.h */ = {isa = PBXFileReference; fileEncoding = 4; lastKnownFileType = sourcecode.c.h; path = FlakerUser.h; sourceTree = "<group>"; };
		E1C82A2711209BAE00BC22DE /* FlakerUser.m */ = {isa = PBXFileReference; fileEncoding = 4; lastKnownFileType = sourcecode.c.objc; path = FlakerUser.m; sourceTree = "<group>"; };
		E1C82A9F11209FDD00BC22DE /* FileStore.h */ = {isa = PBXFileReference; fileEncoding = 4; lastKnownFileType = sourcecode.c.h; path = FileStore.h; sourceTree = "<group>"; };
		E1C82AA011209FDD00BC22DE /* FileStore.m */ = {isa = PBXFileReference; fileEncoding = 4; lastKnownFileType = sourcecode.c.objc; path = FileStore.m; sourceTree = "<group>"; };
		E1CBFB0E111D8DCF00F09BC5 /* Controller.h */ = {isa = PBXFileReference; fileEncoding = 4; lastKnownFileType = sourcecode.c.h; path = Controller.h; sourceTree = "<group>"; };
		E1CBFB0F111D8DCF00F09BC5 /* Controller.m */ = {isa = PBXFileReference; fileEncoding = 4; indentWidth = 2; lastKnownFileType = sourcecode.c.objc; path = Controller.m; sourceTree = "<group>"; tabWidth = 2; usesTabs = 1; };
		E1CBFB39111D926A00F09BC5 /* Flak.h */ = {isa = PBXFileReference; fileEncoding = 4; lastKnownFileType = sourcecode.c.h; path = Flak.h; sourceTree = "<group>"; };
		E1CBFB3A111D926A00F09BC5 /* Flak.m */ = {isa = PBXFileReference; fileEncoding = 4; lastKnownFileType = sourcecode.c.objc; path = Flak.m; sourceTree = "<group>"; };
		E1CBFBA1111D991700F09BC5 /* .gitignore */ = {isa = PBXFileReference; fileEncoding = 4; lastKnownFileType = text; path = .gitignore; sourceTree = "<group>"; };
		E1CBFBA3111D99D700F09BC5 /* Flaker.h */ = {isa = PBXFileReference; fileEncoding = 4; lastKnownFileType = sourcecode.c.h; path = Flaker.h; sourceTree = "<group>"; };
		E1CBFBA4111D99D700F09BC5 /* Flaker.m */ = {isa = PBXFileReference; fileEncoding = 4; lastKnownFileType = sourcecode.c.objc; path = Flaker.m; sourceTree = "<group>"; };
		E1CBFBB1111D9A0400F09BC5 /* JSON.h */ = {isa = PBXFileReference; fileEncoding = 4; lastKnownFileType = sourcecode.c.h; path = JSON.h; sourceTree = "<group>"; };
		E1CBFBB2111D9A0400F09BC5 /* NSObject+SBJSON.h */ = {isa = PBXFileReference; fileEncoding = 4; lastKnownFileType = sourcecode.c.h; path = "NSObject+SBJSON.h"; sourceTree = "<group>"; };
		E1CBFBB3111D9A0400F09BC5 /* NSObject+SBJSON.m */ = {isa = PBXFileReference; fileEncoding = 4; lastKnownFileType = sourcecode.c.objc; path = "NSObject+SBJSON.m"; sourceTree = "<group>"; };
		E1CBFBB4111D9A0400F09BC5 /* NSString+SBJSON.h */ = {isa = PBXFileReference; fileEncoding = 4; lastKnownFileType = sourcecode.c.h; path = "NSString+SBJSON.h"; sourceTree = "<group>"; };
		E1CBFBB5111D9A0400F09BC5 /* NSString+SBJSON.m */ = {isa = PBXFileReference; fileEncoding = 4; lastKnownFileType = sourcecode.c.objc; path = "NSString+SBJSON.m"; sourceTree = "<group>"; };
		E1CBFBB6111D9A0400F09BC5 /* SBJSON.h */ = {isa = PBXFileReference; fileEncoding = 4; lastKnownFileType = sourcecode.c.h; path = SBJSON.h; sourceTree = "<group>"; };
		E1CBFBB7111D9A0400F09BC5 /* SBJSON.m */ = {isa = PBXFileReference; fileEncoding = 4; lastKnownFileType = sourcecode.c.objc; path = SBJSON.m; sourceTree = "<group>"; };
		E1CBFBB8111D9A0400F09BC5 /* SBJsonBase.h */ = {isa = PBXFileReference; fileEncoding = 4; lastKnownFileType = sourcecode.c.h; path = SBJsonBase.h; sourceTree = "<group>"; };
		E1CBFBB9111D9A0400F09BC5 /* SBJsonBase.m */ = {isa = PBXFileReference; fileEncoding = 4; lastKnownFileType = sourcecode.c.objc; path = SBJsonBase.m; sourceTree = "<group>"; };
		E1CBFBBA111D9A0400F09BC5 /* SBJsonParser.h */ = {isa = PBXFileReference; fileEncoding = 4; lastKnownFileType = sourcecode.c.h; path = SBJsonParser.h; sourceTree = "<group>"; };
		E1CBFBBB111D9A0400F09BC5 /* SBJsonParser.m */ = {isa = PBXFileReference; fileEncoding = 4; lastKnownFileType = sourcecode.c.objc; path = SBJsonParser.m; sourceTree = "<group>"; };
		E1CBFBBC111D9A0400F09BC5 /* SBJsonWriter.h */ = {isa = PBXFileReference; fileEncoding = 4; lastKnownFileType = sourcecode.c.h; path = SBJsonWriter.h; sourceTree = "<group>"; };
		E1CBFBBD111D9A0400F09BC5 /* SBJsonWriter.m */ = {isa = PBXFileReference; fileEncoding = 4; lastKnownFileType = sourcecode.c.objc; path = SBJsonWriter.m; sourceTree = "<group>"; };
		E1CBFD90111DADCF00F09BC5 /* flaker.icns */ = {isa = PBXFileReference; lastKnownFileType = image.icns; path = flaker.icns; sourceTree = "<group>"; };
		E1E23CBA111EDE68008347A5 /* flakCell.xib */ = {isa = PBXFileReference; lastKnownFileType = file.xib; path = flakCell.xib; sourceTree = "<group>"; };
		E1E23EAF111F1096008347A5 /* Growl.framework */ = {isa = PBXFileReference; lastKnownFileType = wrapper.framework; name = Growl.framework; path = /Library/Frameworks/Growl.framework; sourceTree = "<absolute>"; };
/* End PBXFileReference section */

/* Begin PBXFrameworksBuildPhase section */
		8D11072E0486CEB800E47090 /* Frameworks */ = {
			isa = PBXFrameworksBuildPhase;
			buildActionMask = 2147483647;
			files = (
				8D11072F0486CEB800E47090 /* Cocoa.framework in Frameworks */,
				E1E23EB0111F1096008347A5 /* Growl.framework in Frameworks */,
				E14F31CC112208520073E704 /* OAuthConsumer.framework in Frameworks */,
				E1A06C3E112366CE008B6CA1 /* QuickLook.framework in Frameworks */,
			);
			runOnlyForDeploymentPostprocessing = 0;
		};
/* End PBXFrameworksBuildPhase section */

/* Begin PBXGroup section */
		080E96DDFE201D6D7F000001 /* Classes */ = {
			isa = PBXGroup;
			children = (
				E14F2DC21121AFBE0073E704 /* Controllers */,
				E145B931111F61DB00BE4E01 /* Table */,
				E11BE7B7111E01B200C28968 /* Views */,
				E1CBFBA6111D99F600F09BC5 /* Lib */,
				E1CBFB38111D925B00F09BC5 /* FlakerAPI */,
			);
			name = Classes;
			sourceTree = "<group>";
		};
		1058C7A0FEA54F0111CA2CBB /* Linked Frameworks */ = {
			isa = PBXGroup;
			children = (
				E1A06C3D112366CE008B6CA1 /* QuickLook.framework */,
				E14F31CB112208520073E704 /* OAuthConsumer.framework */,
				1058C7A1FEA54F0111CA2CBB /* Cocoa.framework */,
			);
			name = "Linked Frameworks";
			sourceTree = "<group>";
		};
		1058C7A2FEA54F0111CA2CBB /* Other Frameworks */ = {
			isa = PBXGroup;
			children = (
				29B97324FDCFA39411CA2CEA /* AppKit.framework */,
				13E42FB307B3F0F600E4EEF1 /* CoreData.framework */,
				29B97325FDCFA39411CA2CEA /* Foundation.framework */,
			);
			name = "Other Frameworks";
			sourceTree = "<group>";
		};
		19C28FACFE9D520D11CA2CBB /* Products */ = {
			isa = PBXGroup;
			children = (
				8D1107320486CEB800E47090 /* iFlaker.app */,
			);
			name = Products;
			sourceTree = "<group>";
		};
		29B97314FDCFA39411CA2CEA /* iFlaker */ = {
			isa = PBXGroup;
			children = (
				080E96DDFE201D6D7F000001 /* Classes */,
				29B97315FDCFA39411CA2CEA /* Other Sources */,
				29B97317FDCFA39411CA2CEA /* Resources */,
				29B97323FDCFA39411CA2CEA /* Frameworks */,
				19C28FACFE9D520D11CA2CBB /* Products */,
				E1CBFBA1111D991700F09BC5 /* .gitignore */,
			);
			name = iFlaker;
			sourceTree = "<group>";
		};
		29B97315FDCFA39411CA2CEA /* Other Sources */ = {
			isa = PBXGroup;
			children = (
				32CA4F630368D1EE00C91783 /* iFlaker_Prefix.pch */,
				29B97316FDCFA39411CA2CEA /* main.m */,
			);
			name = "Other Sources";
			sourceTree = "<group>";
		};
		29B97317FDCFA39411CA2CEA /* Resources */ = {
			isa = PBXGroup;
			children = (
				E1605099112465FE00306BE4 /* Sounds */,
				E14F2E471121BE450073E704 /* Flak */,
				E1CBFD90111DADCF00F09BC5 /* flaker.icns */,
				8D1107310486CEB800E47090 /* Info.plist */,
				089C165CFE840E0CC02AAC07 /* InfoPlist.strings */,
			);
			name = Resources;
			sourceTree = "<group>";
		};
		29B97323FDCFA39411CA2CEA /* Frameworks */ = {
			isa = PBXGroup;
			children = (
				E1E23EAF111F1096008347A5 /* Growl.framework */,
				1058C7A0FEA54F0111CA2CBB /* Linked Frameworks */,
				1058C7A2FEA54F0111CA2CBB /* Other Frameworks */,
			);
			name = Frameworks;
			sourceTree = "<group>";
		};
		E11BE7B7111E01B200C28968 /* Views */ = {
			isa = PBXGroup;
			children = (
				E1C8288A1120694C00BC22DE /* FlakBubbleView.h */,
				E1C8288B1120694C00BC22DE /* FlakBubbleView.m */,
				E16052601124962F00306BE4 /* FlakEditorView.h */,
				E16052611124962F00306BE4 /* FlakEditorView.m */,
			);
			name = Views;
			sourceTree = "<group>";
		};
		E145B931111F61DB00BE4E01 /* Table */ = {
			isa = PBXGroup;
			children = (
				E145B934111F61E500BE4E01 /* SubviewTableViewController.h */,
				E145B935111F61E500BE4E01 /* SubviewTableViewController.m */,
				E145B936111F61E500BE4E01 /* SubviewTableViewCell.h */,
				E145B937111F61E500BE4E01 /* SubviewTableViewCell.m */,
			);
			name = Table;
			sourceTree = "<group>";
		};
		E14F2DC21121AFBE0073E704 /* Controllers */ = {
			isa = PBXGroup;
			children = (
				E1E23CBA111EDE68008347A5 /* flakCell.xib */,
				E145BA14111F758B00BE4E01 /* FlakController.h */,
				E145BA15111F758B00BE4E01 /* FlakController.m */,
				E1CBFB0E111D8DCF00F09BC5 /* Controller.h */,
				E1CBFB0F111D8DCF00F09BC5 /* Controller.m */,
				1DDD58140DA1D0A300B32029 /* MainMenu.xib */,
				E14F2EB41121CBBF0073E704 /* AuthController.h */,
				E14F2EB51121CBBF0073E704 /* AuthController.m */,
				E14F2EB71121CBE60073E704 /* AuthController.xib */,
				E1A06B5F11234BF9008B6CA1 /* NewFlakController.h */,
				E1A06B6011234BFA008B6CA1 /* NewFlakController.m */,
			);
			name = Controllers;
			sourceTree = "<group>";
		};
		E14F2E471121BE450073E704 /* Flak */ = {
			isa = PBXGroup;
			children = (
				E14F2E4C1121BE810073E704 /* comment.gif */,
				E14F2E4D1121BE810073E704 /* newspaper_add.gif */,
				E14F2E4E1121BE810073E704 /* link_to_entry.gif */,
				E1C828C6112073D200BC22DE /* flakEntryBubble.png */,
				E1C829A111208DBB00BC22DE /* avatarDefault.jpeg */,
				E14F2E451121BDF90073E704 /* heart_off.gif */,
			);
			name = Flak;
			sourceTree = "<group>";
		};
		E1605099112465FE00306BE4 /* Sounds */ = {
			isa = PBXGroup;
			children = (
				E16050AA1124661000306BE4 /* otrzymanoFlaki.m4a */,
				E16050AB1124661000306BE4 /* error.m4a */,
			);
			name = Sounds;
			sourceTree = "<group>";
		};
		E1A06BDB1123635C008B6CA1 /* QuickLook */ = {
			isa = PBXGroup;
			children = (
				E1A06BDD11236378008B6CA1 /* NSImage+QuickLook.m */,
				E1A06BDF11236378008B6CA1 /* NSImage+QuickLook.h */,
			);
			name = QuickLook;
			sourceTree = "<group>";
		};
		E1CBFB38111D925B00F09BC5 /* FlakerAPI */ = {
			isa = PBXGroup;
			children = (
				E1CBFBA3111D99D700F09BC5 /* Flaker.h */,
				E1CBFBA4111D99D700F09BC5 /* Flaker.m */,
				E1CBFB39111D926A00F09BC5 /* Flak.h */,
				E1CBFB3A111D926A00F09BC5 /* Flak.m */,
				E1C82A2611209BAE00BC22DE /* FlakerUser.h */,
				E1C82A2711209BAE00BC22DE /* FlakerUser.m */,
				E14F2F751121E67A0073E704 /* FlakerOAuthPinVerificator.h */,
				E14F2F761121E67A0073E704 /* FlakerOAuthPinVerificator.m */,
				E16050B21124673300306BE4 /* FlakerPost.h */,
				E16050B31124673300306BE4 /* FlakerPost.m */,
			);
			name = FlakerAPI;
			sourceTree = "<group>";
		};
		E1CBFBA6111D99F600F09BC5 /* Lib */ = {
			isa = PBXGroup;
			children = (
				E1A06BDB1123635C008B6CA1 /* QuickLook */,
				E1C82A9F11209FDD00BC22DE /* FileStore.h */,
				E1C82AA011209FDD00BC22DE /* FileStore.m */,
				E1CBFBB0111D9A0400F09BC5 /* JSON */,
			);
			name = Lib;
			sourceTree = "<group>";
		};
		E1CBFBB0111D9A0400F09BC5 /* JSON */ = {
			isa = PBXGroup;
			children = (
				E1CBFBB1111D9A0400F09BC5 /* JSON.h */,
				E1CBFBB2111D9A0400F09BC5 /* NSObject+SBJSON.h */,
				E1CBFBB3111D9A0400F09BC5 /* NSObject+SBJSON.m */,
				E1CBFBB4111D9A0400F09BC5 /* NSString+SBJSON.h */,
				E1CBFBB5111D9A0400F09BC5 /* NSString+SBJSON.m */,
				E1CBFBB6111D9A0400F09BC5 /* SBJSON.h */,
				E1CBFBB7111D9A0400F09BC5 /* SBJSON.m */,
				E1CBFBB8111D9A0400F09BC5 /* SBJsonBase.h */,
				E1CBFBB9111D9A0400F09BC5 /* SBJsonBase.m */,
				E1CBFBBA111D9A0400F09BC5 /* SBJsonParser.h */,
				E1CBFBBB111D9A0400F09BC5 /* SBJsonParser.m */,
				E1CBFBBC111D9A0400F09BC5 /* SBJsonWriter.h */,
				E1CBFBBD111D9A0400F09BC5 /* SBJsonWriter.m */,
			);
			path = JSON;
			sourceTree = "<group>";
		};
/* End PBXGroup section */

/* Begin PBXNativeTarget section */
		8D1107260486CEB800E47090 /* iFlaker */ = {
			isa = PBXNativeTarget;
			buildConfigurationList = C01FCF4A08A954540054247B /* Build configuration list for PBXNativeTarget "iFlaker" */;
			buildPhases = (
				8D1107290486CEB800E47090 /* Resources */,
				8D11072C0486CEB800E47090 /* Sources */,
				8D11072E0486CEB800E47090 /* Frameworks */,
				E1E23EBC111F10B1008347A5 /* Copy Frameworks (1) */,
			);
			buildRules = (
			);
			dependencies = (
			);
			name = iFlaker;
			productInstallPath = "$(HOME)/Applications";
			productName = iFlaker;
			productReference = 8D1107320486CEB800E47090 /* iFlaker.app */;
			productType = "com.apple.product-type.application";
		};
/* End PBXNativeTarget section */

/* Begin PBXProject section */
		29B97313FDCFA39411CA2CEA /* Project object */ = {
			isa = PBXProject;
			buildConfigurationList = C01FCF4E08A954540054247B /* Build configuration list for PBXProject "iFlaker" */;
			compatibilityVersion = "Xcode 3.1";
			hasScannedForEncodings = 1;
			mainGroup = 29B97314FDCFA39411CA2CEA /* iFlaker */;
			projectDirPath = "";
			projectRoot = "";
			targets = (
				8D1107260486CEB800E47090 /* iFlaker */,
			);
		};
/* End PBXProject section */

/* Begin PBXResourcesBuildPhase section */
		8D1107290486CEB800E47090 /* Resources */ = {
			isa = PBXResourcesBuildPhase;
			buildActionMask = 2147483647;
			files = (
				8D11072B0486CEB800E47090 /* InfoPlist.strings in Resources */,
				1DDD58160DA1D0A300B32029 /* MainMenu.xib in Resources */,
				E1CBFBA2111D991700F09BC5 /* .gitignore in Resources */,
				E1CBFD91111DADCF00F09BC5 /* flaker.icns in Resources */,
				E1E23CBB111EDE68008347A5 /* flakCell.xib in Resources */,
				E1C828C7112073D200BC22DE /* flakEntryBubble.png in Resources */,
				E1C829A211208DBB00BC22DE /* avatarDefault.jpeg in Resources */,
				E14F2E461121BDF90073E704 /* heart_off.gif in Resources */,
				E14F2E4F1121BE810073E704 /* comment.gif in Resources */,
				E14F2E501121BE810073E704 /* newspaper_add.gif in Resources */,
				E14F2E511121BE810073E704 /* link_to_entry.gif in Resources */,
				E14F2EB81121CBE60073E704 /* AuthController.xib in Resources */,
				E16050AC1124661000306BE4 /* otrzymanoFlaki.m4a in Resources */,
				E16050AD1124661000306BE4 /* error.m4a in Resources */,
			);
			runOnlyForDeploymentPostprocessing = 0;
		};
/* End PBXResourcesBuildPhase section */

/* Begin PBXSourcesBuildPhase section */
		8D11072C0486CEB800E47090 /* Sources */ = {
			isa = PBXSourcesBuildPhase;
			buildActionMask = 2147483647;
			files = (
				8D11072D0486CEB800E47090 /* main.m in Sources */,
				E1CBFB10111D8DCF00F09BC5 /* Controller.m in Sources */,
				E1CBFB3B111D926A00F09BC5 /* Flak.m in Sources */,
				E1CBFBA5111D99D700F09BC5 /* Flaker.m in Sources */,
				E1CBFBC0111D9A0400F09BC5 /* NSObject+SBJSON.m in Sources */,
				E1CBFBC1111D9A0400F09BC5 /* NSString+SBJSON.m in Sources */,
				E1CBFBC2111D9A0400F09BC5 /* SBJSON.m in Sources */,
				E1CBFBC3111D9A0400F09BC5 /* SBJsonBase.m in Sources */,
				E1CBFBC4111D9A0400F09BC5 /* SBJsonParser.m in Sources */,
				E1CBFBC5111D9A0400F09BC5 /* SBJsonWriter.m in Sources */,
				E145B939111F61E500BE4E01 /* SubviewTableViewController.m in Sources */,
				E145B93A111F61E500BE4E01 /* SubviewTableViewCell.m in Sources */,
				E145BA16111F758B00BE4E01 /* FlakController.m in Sources */,
				E1C8288C1120694C00BC22DE /* FlakBubbleView.m in Sources */,
				E1C82A2811209BAE00BC22DE /* FlakerUser.m in Sources */,
				E1C82AA111209FDD00BC22DE /* FileStore.m in Sources */,
				E14F2EB61121CBBF0073E704 /* AuthController.m in Sources */,
				E14F2F771121E67A0073E704 /* FlakerOAuthPinVerificator.m in Sources */,
				E1A06B6111234BFA008B6CA1 /* NewFlakController.m in Sources */,
				E1A06BE111236378008B6CA1 /* NSImage+QuickLook.m in Sources */,
				E16050B41124673300306BE4 /* FlakerPost.m in Sources */,
				E16052621124962F00306BE4 /* FlakEditorView.m in Sources */,
			);
			runOnlyForDeploymentPostprocessing = 0;
		};
/* End PBXSourcesBuildPhase section */

/* Begin PBXVariantGroup section */
		089C165CFE840E0CC02AAC07 /* InfoPlist.strings */ = {
			isa = PBXVariantGroup;
			children = (
				089C165DFE840E0CC02AAC07 /* English */,
			);
			name = InfoPlist.strings;
			sourceTree = "<group>";
		};
		1DDD58140DA1D0A300B32029 /* MainMenu.xib */ = {
			isa = PBXVariantGroup;
			children = (
				1DDD58150DA1D0A300B32029 /* English */,
			);
			name = MainMenu.xib;
			sourceTree = "<group>";
		};
/* End PBXVariantGroup section */

/* Begin XCBuildConfiguration section */
		C01FCF4B08A954540054247B /* Debug */ = {
			isa = XCBuildConfiguration;
			buildSettings = {
				ALWAYS_SEARCH_USER_PATHS = NO;
				COPY_PHASE_STRIP = NO;
				FRAMEWORK_SEARCH_PATHS = (
					"$(inherited)",
					"\"/Volumes/BackUp/Download/Growl-1.2.1-Framework\"",
					"\"$(SRCROOT)\"",
				);
				GCC_DYNAMIC_NO_PIC = NO;
				GCC_ENABLE_FIX_AND_CONTINUE = YES;
				GCC_MODEL_TUNING = G5;
				GCC_OPTIMIZATION_LEVEL = 0;
				GCC_PRECOMPILE_PREFIX_HEADER = YES;
				GCC_PREFIX_HEADER = iFlaker_Prefix.pch;
				INFOPLIST_FILE = Info.plist;
				INSTALL_PATH = "$(HOME)/Applications";
				PRODUCT_NAME = iFlaker;
			};
			name = Debug;
		};
		C01FCF4C08A954540054247B /* Release */ = {
			isa = XCBuildConfiguration;
			buildSettings = {
				ALWAYS_SEARCH_USER_PATHS = NO;
				DEBUG_INFORMATION_FORMAT = "dwarf-with-dsym";
				FRAMEWORK_SEARCH_PATHS = (
					"$(inherited)",
					"\"/Volumes/BackUp/Download/Growl-1.2.1-Framework\"",
					"\"$(SRCROOT)\"",
				);
				GCC_MODEL_TUNING = G5;
				GCC_PRECOMPILE_PREFIX_HEADER = YES;
				GCC_PREFIX_HEADER = iFlaker_Prefix.pch;
				INFOPLIST_FILE = Info.plist;
				INSTALL_PATH = "$(HOME)/Applications";
				PRODUCT_NAME = iFlaker;
			};
			name = Release;
		};
		C01FCF4F08A954540054247B /* Debug */ = {
			isa = XCBuildConfiguration;
			buildSettings = {
				ARCHS = "$(ARCHS_STANDARD_32_BIT)";
				GCC_C_LANGUAGE_STANDARD = c99;
				GCC_OPTIMIZATION_LEVEL = 0;
				GCC_WARN_ABOUT_RETURN_TYPE = YES;
				GCC_WARN_UNUSED_VARIABLE = YES;
				ONLY_ACTIVE_ARCH = YES;
				PREBINDING = NO;
				SDKROOT = macosx10.5;
			};
			name = Debug;
		};
		C01FCF5008A954540054247B /* Release */ = {
			isa = XCBuildConfiguration;
			buildSettings = {
				ARCHS = "$(ARCHS_STANDARD_32_64_BIT)";
				GCC_C_LANGUAGE_STANDARD = c99;
				GCC_WARN_ABOUT_RETURN_TYPE = YES;
				GCC_WARN_UNUSED_VARIABLE = YES;
				PREBINDING = NO;
				SDKROOT = macosx10.5;
			};
			name = Release;
		};
/* End XCBuildConfiguration section */

/* Begin XCConfigurationList section */
		C01FCF4A08A954540054247B /* Build configuration list for PBXNativeTarget "iFlaker" */ = {
			isa = XCConfigurationList;
			buildConfigurations = (
				C01FCF4B08A954540054247B /* Debug */,
				C01FCF4C08A954540054247B /* Release */,
			);
			defaultConfigurationIsVisible = 0;
			defaultConfigurationName = Release;
		};
		C01FCF4E08A954540054247B /* Build configuration list for PBXProject "iFlaker" */ = {
			isa = XCConfigurationList;
			buildConfigurations = (
				C01FCF4F08A954540054247B /* Debug */,
				C01FCF5008A954540054247B /* Release */,
			);
			defaultConfigurationIsVisible = 0;
			defaultConfigurationName = Release;
		};
/* End XCConfigurationList section */
	};
	rootObject = 29B97313FDCFA39411CA2CEA /* Project object */;
}
